
Microsoft Visual Studio Solution File, Format Version 12.00
# Visual Studio 2012
Project("{FAE04EC0-301F-11D3-BF4B-00C04F79EFBC}") = "Occupants", "Occupants\Occupants.csproj", "{567C5A42-3849-4750-B4CB-E567F7EE8BF1}"
EndProject
Project("{FAE04EC0-301F-11D3-BF4B-00C04F79EFBC}") = "HOSTEL", "HOSTEL\HOSTEL.csproj", "{57EFC6DF-45DA-49B8-A17E-9189EA57E9FF}"
EndProject
Global
	GlobalSection(SolutionConfigurationPlatforms) = preSolution
		Debug|Any CPU = Debug|Any CPU
		Release|Any CPU = Release|Any CPU
	EndGlobalSection
	GlobalSection(ProjectConfigurationPlatforms) = postSolution
		{567C5A42-3849-4750-B4CB-E567F7EE8BF1}.Debug|Any CPU.ActiveCfg = Debug|Any CPU
		{567C5A42-3849-4750-B4CB-E567F7EE8BF1}.Debug|Any CPU.Build.0 = Debug|Any CPU
		{567C5A42-3849-4750-B4CB-E567F7EE8BF1}.Release|Any CPU.ActiveCfg = Release|Any CPU
		{567C5A42-3849-4750-B4CB-E567F7EE8BF1}.Release|Any CPU.Build.0 = Release|Any CPU
		{57EFC6DF-45DA-49B8-A17E-9189EA57E9FF}.Debug|Any CPU.ActiveCfg = Debug|Any CPU
		{57EFC6DF-45DA-49B8-A17E-9189EA57E9FF}.Debug|Any CPU.Build.0 = Debug|Any CPU
		{57EFC6DF-45DA-49B8-A17E-9189EA57E9FF}.Release|Any CPU.ActiveCfg = Release|Any CPU
		{57EFC6DF-45DA-49B8-A17E-9189EA57E9FF}.Release|Any CPU.Build.0 = Release|Any CPU
	EndGlobalSection
	GlobalSection(SolutionProperties) = preSolution
		HideSolutionNode = FALSE
	EndGlobalSection
EndGlobal
